
Microsoft Visual Studio Solution File, Format Version 12.00
# Visual Studio 2013
Project("{8BC9CEB8-8B4A-11D0-8D11-00A0C91BC942}") = "CDKEngine", "CDKEngine.vcxproj", "{4D396F66-B9A3-23DD-02E2-D4826E8B0132}"
EndProject
Project("{8BC9CEB8-8B4A-11D0-8D11-00A0C91BC942}") = "TestCDK", "TestCDK.vcxproj", "{3758D639-A337-55D5-AC4F-E0AB18AEBB36}"
	ProjectSection(ProjectDependencies) = postProject
		{4D396F66-B9A3-23DD-02E2-D4826E8B0132} = {4D396F66-B9A3-23DD-02E2-D4826E8B0132}
	EndProjectSection
EndProject
Global
	GlobalSection(SolutionConfigurationPlatforms) = preSolution
		Debug|Win32 = Debug|Win32
		Release|Win32 = Release|Win32
	EndGlobalSection
	GlobalSection(ProjectConfigurationPlatforms) = postSolution
		{4D396F66-B9A3-23DD-02E2-D4826E8B0132}.Debug|Win32.ActiveCfg = Debug|Win32
		{4D396F66-B9A3-23DD-02E2-D4826E8B0132}.Debug|Win32.Build.0 = Debug|Win32
		{4D396F66-B9A3-23DD-02E2-D4826E8B0132}.Release|Win32.ActiveCfg = Release|Win32
		{4D396F66-B9A3-23DD-02E2-D4826E8B0132}.Release|Win32.Build.0 = Release|Win32
		{3758D639-A337-55D5-AC4F-E0AB18AEBB36}.Debug|Win32.ActiveCfg = Debug|Win32
		{3758D639-A337-55D5-AC4F-E0AB18AEBB36}.Debug|Win32.Build.0 = Debug|Win32
		{3758D639-A337-55D5-AC4F-E0AB18AEBB36}.Release|Win32.ActiveCfg = Release|Win32
		{3758D639-A337-55D5-AC4F-E0AB18AEBB36}.Release|Win32.Build.0 = Release|Win32
	EndGlobalSection
	GlobalSection(SolutionProperties) = preSolution
		HideSolutionNode = FALSE
	EndGlobalSection
	GlobalSection(NestedProjects) = preSolution
	EndGlobalSection
EndGlobal
